
Microsoft Visual Studio Solution File, Format Version 12.00
# Visual Studio Version 17
VisualStudioVersion = 17.1.32407.343
MinimumVisualStudioVersion = 10.0.40219.1
Project("{2150E333-8FDC-42A3-9474-1A3956D46DE8}") = "Services", "Services", "{39E0C5BA-48A2-4F6B-A93D-7D79508740CC}"
EndProject
Project("{2150E333-8FDC-42A3-9474-1A3956D46DE8}") = "FrontEnd", "FrontEnd", "{68947452-4F5B-497E-82AA-8B45A24653B5}"
EndProject
Project("{9A19103F-16F7-4668-BE54-9A1E7A4F7556}") = "GeekShopping.ProductAPI", "..\GeekShopping.ProductAPI\GeekShopping.ProductAPI.csproj", "{3DBFF385-9666-415F-93F0-698A17E751A9}"
EndProject
Project("{9A19103F-16F7-4668-BE54-9A1E7A4F7556}") = "GeekShopping.Web", "..\GeekShopping.Web\GeekShopping.Web.csproj", "{8B38DE97-E9BB-44E8-8DD5-15DEBABB0239}"
EndProject
Project("{FAE04EC0-301F-11D3-BF4B-00C04F79EFBC}") = "GeekShopping.IdentityServer", "..\GeekShopping.IdentityServer\GeekShopping.IdentityServer.csproj", "{DE6687FF-AFC0-4FDF-B939-27B85FE7710B}"
EndProject
Global
	GlobalSection(SolutionConfigurationPlatforms) = preSolution
		Debug|Any CPU = Debug|Any CPU
		Release|Any CPU = Release|Any CPU
	EndGlobalSection
	GlobalSection(ProjectConfigurationPlatforms) = postSolution
		{3DBFF385-9666-415F-93F0-698A17E751A9}.Debug|Any CPU.ActiveCfg = Debug|Any CPU
		{3DBFF385-9666-415F-93F0-698A17E751A9}.Debug|Any CPU.Build.0 = Debug|Any CPU
		{3DBFF385-9666-415F-93F0-698A17E751A9}.Release|Any CPU.ActiveCfg = Release|Any CPU
		{3DBFF385-9666-415F-93F0-698A17E751A9}.Release|Any CPU.Build.0 = Release|Any CPU
		{8B38DE97-E9BB-44E8-8DD5-15DEBABB0239}.Debug|Any CPU.ActiveCfg = Debug|Any CPU
		{8B38DE97-E9BB-44E8-8DD5-15DEBABB0239}.Debug|Any CPU.Build.0 = Debug|Any CPU
		{8B38DE97-E9BB-44E8-8DD5-15DEBABB0239}.Release|Any CPU.ActiveCfg = Release|Any CPU
		{8B38DE97-E9BB-44E8-8DD5-15DEBABB0239}.Release|Any CPU.Build.0 = Release|Any CPU
		{DE6687FF-AFC0-4FDF-B939-27B85FE7710B}.Debug|Any CPU.ActiveCfg = Debug|Any CPU
		{DE6687FF-AFC0-4FDF-B939-27B85FE7710B}.Debug|Any CPU.Build.0 = Debug|Any CPU
		{DE6687FF-AFC0-4FDF-B939-27B85FE7710B}.Release|Any CPU.ActiveCfg = Release|Any CPU
		{DE6687FF-AFC0-4FDF-B939-27B85FE7710B}.Release|Any CPU.Build.0 = Release|Any CPU
	EndGlobalSection
	GlobalSection(SolutionProperties) = preSolution
		HideSolutionNode = FALSE
	EndGlobalSection
	GlobalSection(NestedProjects) = preSolution
		{3DBFF385-9666-415F-93F0-698A17E751A9} = {39E0C5BA-48A2-4F6B-A93D-7D79508740CC}
		{8B38DE97-E9BB-44E8-8DD5-15DEBABB0239} = {68947452-4F5B-497E-82AA-8B45A24653B5}
		{DE6687FF-AFC0-4FDF-B939-27B85FE7710B} = {39E0C5BA-48A2-4F6B-A93D-7D79508740CC}
	EndGlobalSection
	GlobalSection(ExtensibilityGlobals) = postSolution
		SolutionGuid = {C0CB7802-D75E-49E8-8C1B-EC859FD01428}
	EndGlobalSection
EndGlobal
